
Microsoft Visual Studio Solution File, Format Version 12.00
# Visual Studio 15
VisualStudioVersion = 15.0.27130.2036
MinimumVisualStudioVersion = 10.0.40219.1
Project("{FAE04EC0-301F-11D3-BF4B-00C04F79EFBC}") = "Server", "Server\Server.csproj", "{37369EF3-00FA-42EF-A9A4-ED4A28FF8CFA}"
EndProject
Project("{FAE04EC0-301F-11D3-BF4B-00C04F79EFBC}") = "Client", "Client\Client.csproj", "{8EAE9407-B84D-497B-B685-20A9AA2B4C39}"
EndProject
Global
	GlobalSection(SolutionConfigurationPlatforms) = preSolution
		Debug|Any CPU = Debug|Any CPU
		Release|Any CPU = Release|Any CPU
	EndGlobalSection
	GlobalSection(ProjectConfigurationPlatforms) = postSolution
		{37369EF3-00FA-42EF-A9A4-ED4A28FF8CFA}.Debug|Any CPU.ActiveCfg = Debug|Any CPU
		{37369EF3-00FA-42EF-A9A4-ED4A28FF8CFA}.Debug|Any CPU.Build.0 = Debug|Any CPU
		{37369EF3-00FA-42EF-A9A4-ED4A28FF8CFA}.Release|Any CPU.ActiveCfg = Release|Any CPU
		{37369EF3-00FA-42EF-A9A4-ED4A28FF8CFA}.Release|Any CPU.Build.0 = Release|Any CPU
		{8EAE9407-B84D-497B-B685-20A9AA2B4C39}.Debug|Any CPU.ActiveCfg = Debug|Any CPU
		{8EAE9407-B84D-497B-B685-20A9AA2B4C39}.Debug|Any CPU.Build.0 = Debug|Any CPU
		{8EAE9407-B84D-497B-B685-20A9AA2B4C39}.Release|Any CPU.ActiveCfg = Release|Any CPU
		{8EAE9407-B84D-497B-B685-20A9AA2B4C39}.Release|Any CPU.Build.0 = Release|Any CPU
	EndGlobalSection
	GlobalSection(SolutionProperties) = preSolution
		HideSolutionNode = FALSE
	EndGlobalSection
	GlobalSection(ExtensibilityGlobals) = postSolution
		SolutionGuid = {AD889576-390C-4B04-9F49-A2FE66D3E77F}
	EndGlobalSection
EndGlobal
